
Microsoft Visual Studio Solution File, Format Version 12.00
# Visual Studio Version 17
VisualStudioVersion = 17.10.35027.167
MinimumVisualStudioVersion = 10.0.40219.1
Project("{FAE04EC0-301F-11D3-BF4B-00C04F79EFBC}") = "RangeTask", "RangeTask\RangeTask.csproj", "{539E02D1-7EBE-4959-83EA-AF7E817F51AD}"
EndProject
Global
	GlobalSection(SolutionConfigurationPlatforms) = preSolution
		Debug|Any CPU = Debug|Any CPU
		Release|Any CPU = Release|Any CPU
	EndGlobalSection
	GlobalSection(ProjectConfigurationPlatforms) = postSolution
		{539E02D1-7EBE-4959-83EA-AF7E817F51AD}.Debug|Any CPU.ActiveCfg = Debug|Any CPU
		{539E02D1-7EBE-4959-83EA-AF7E817F51AD}.Debug|Any CPU.Build.0 = Debug|Any CPU
		{539E02D1-7EBE-4959-83EA-AF7E817F51AD}.Release|Any CPU.ActiveCfg = Release|Any CPU
		{539E02D1-7EBE-4959-83EA-AF7E817F51AD}.Release|Any CPU.Build.0 = Release|Any CPU
	EndGlobalSection
	GlobalSection(SolutionProperties) = preSolution
		HideSolutionNode = FALSE
	EndGlobalSection
	GlobalSection(ExtensibilityGlobals) = postSolution
		SolutionGuid = {000FEA24-1E9F-4839-AE6D-04BDEFCDC391}
	EndGlobalSection
EndGlobal
